
Microsoft Visual Studio Solution File, Format Version 12.00
# Visual Studio 2012
Project("{FAE04EC0-301F-11D3-BF4B-00C04F79EFBC}") = "CarsSystem", "CarsSystem\CarsSystem.csproj", "{BD1F3229-AAAF-40B9-9FDF-C5F76C65BC05}"
EndProject
Project("{2150E333-8FDC-42A3-9474-1A3956D46DE8}") = "UI", "UI", "{1FDDC051-2BFC-4DA6-96F9-74B6B013B55D}"
EndProject
Project("{2150E333-8FDC-42A3-9474-1A3956D46DE8}") = "Model", "Model", "{3CC5B3C6-666F-4497-AC08-C7507239C022}"
EndProject
Project("{2150E333-8FDC-42A3-9474-1A3956D46DE8}") = "BLL", "BLL", "{E08AF930-C36A-4E8B-985A-7B049F01F29E}"
EndProject
Project("{2150E333-8FDC-42A3-9474-1A3956D46DE8}") = "DAL", "DAL", "{C938B2B4-A6C7-41AD-856B-38635454EF3B}"
EndProject
Project("{2150E333-8FDC-42A3-9474-1A3956D46DE8}") = "COMMON", "COMMON", "{FC54B704-4DD9-4B97-891C-2A3BBC4D4F62}"
EndProject
Project("{FAE04EC0-301F-11D3-BF4B-00C04F79EFBC}") = "Model", "Model\Model.csproj", "{0203777B-5644-4338-97C0-7CF81868E125}"
EndProject
Project("{FAE04EC0-301F-11D3-BF4B-00C04F79EFBC}") = "EFDal", "EFDal\EFDal.csproj", "{38F08F7A-E241-4E38-A0A5-92EC64D4D0FC}"
EndProject
Project("{FAE04EC0-301F-11D3-BF4B-00C04F79EFBC}") = "DalFactory", "DalFactory\DalFactory.csproj", "{0C29885B-8C7F-4B8E-A4CD-691AA2628873}"
EndProject
Project("{FAE04EC0-301F-11D3-BF4B-00C04F79EFBC}") = "IDal", "IDal\IDal.csproj", "{CAC137A0-B284-46C3-ABE2-3D90C955953A}"
EndProject
Project("{FAE04EC0-301F-11D3-BF4B-00C04F79EFBC}") = "Common", "Common\Common.csproj", "{FC81BC42-AD74-43D2-A3B1-08B8D75CCAA2}"
EndProject
Project("{FAE04EC0-301F-11D3-BF4B-00C04F79EFBC}") = "IBll", "IBll\IBll.csproj", "{0727E371-52DA-440C-A52D-DA4304694DB8}"
EndProject
Project("{FAE04EC0-301F-11D3-BF4B-00C04F79EFBC}") = "Bll", "Bll\Bll.csproj", "{D2C24323-A165-4C85-800F-C88257667EEA}"
EndProject
Global
	GlobalSection(SolutionConfigurationPlatforms) = preSolution
		Debug|Any CPU = Debug|Any CPU
		Release|Any CPU = Release|Any CPU
	EndGlobalSection
	GlobalSection(ProjectConfigurationPlatforms) = postSolution
		{BD1F3229-AAAF-40B9-9FDF-C5F76C65BC05}.Debug|Any CPU.ActiveCfg = Debug|Any CPU
		{BD1F3229-AAAF-40B9-9FDF-C5F76C65BC05}.Debug|Any CPU.Build.0 = Debug|Any CPU
		{BD1F3229-AAAF-40B9-9FDF-C5F76C65BC05}.Release|Any CPU.ActiveCfg = Release|Any CPU
		{BD1F3229-AAAF-40B9-9FDF-C5F76C65BC05}.Release|Any CPU.Build.0 = Release|Any CPU
		{0203777B-5644-4338-97C0-7CF81868E125}.Debug|Any CPU.ActiveCfg = Debug|Any CPU
		{0203777B-5644-4338-97C0-7CF81868E125}.Debug|Any CPU.Build.0 = Debug|Any CPU
		{0203777B-5644-4338-97C0-7CF81868E125}.Release|Any CPU.ActiveCfg = Release|Any CPU
		{0203777B-5644-4338-97C0-7CF81868E125}.Release|Any CPU.Build.0 = Release|Any CPU
		{38F08F7A-E241-4E38-A0A5-92EC64D4D0FC}.Debug|Any CPU.ActiveCfg = Debug|Any CPU
		{38F08F7A-E241-4E38-A0A5-92EC64D4D0FC}.Debug|Any CPU.Build.0 = Debug|Any CPU
		{38F08F7A-E241-4E38-A0A5-92EC64D4D0FC}.Release|Any CPU.ActiveCfg = Release|Any CPU
		{38F08F7A-E241-4E38-A0A5-92EC64D4D0FC}.Release|Any CPU.Build.0 = Release|Any CPU
		{0C29885B-8C7F-4B8E-A4CD-691AA2628873}.Debug|Any CPU.ActiveCfg = Debug|Any CPU
		{0C29885B-8C7F-4B8E-A4CD-691AA2628873}.Debug|Any CPU.Build.0 = Debug|Any CPU
		{0C29885B-8C7F-4B8E-A4CD-691AA2628873}.Release|Any CPU.ActiveCfg = Release|Any CPU
		{0C29885B-8C7F-4B8E-A4CD-691AA2628873}.Release|Any CPU.Build.0 = Release|Any CPU
		{CAC137A0-B284-46C3-ABE2-3D90C955953A}.Debug|Any CPU.ActiveCfg = Debug|Any CPU
		{CAC137A0-B284-46C3-ABE2-3D90C955953A}.Debug|Any CPU.Build.0 = Debug|Any CPU
		{CAC137A0-B284-46C3-ABE2-3D90C955953A}.Release|Any CPU.ActiveCfg = Release|Any CPU
		{CAC137A0-B284-46C3-ABE2-3D90C955953A}.Release|Any CPU.Build.0 = Release|Any CPU
		{FC81BC42-AD74-43D2-A3B1-08B8D75CCAA2}.Debug|Any CPU.ActiveCfg = Debug|Any CPU
		{FC81BC42-AD74-43D2-A3B1-08B8D75CCAA2}.Debug|Any CPU.Build.0 = Debug|Any CPU
		{FC81BC42-AD74-43D2-A3B1-08B8D75CCAA2}.Release|Any CPU.ActiveCfg = Release|Any CPU
		{FC81BC42-AD74-43D2-A3B1-08B8D75CCAA2}.Release|Any CPU.Build.0 = Release|Any CPU
		{0727E371-52DA-440C-A52D-DA4304694DB8}.Debug|Any CPU.ActiveCfg = Debug|Any CPU
		{0727E371-52DA-440C-A52D-DA4304694DB8}.Debug|Any CPU.Build.0 = Debug|Any CPU
		{0727E371-52DA-440C-A52D-DA4304694DB8}.Release|Any CPU.ActiveCfg = Release|Any CPU
		{0727E371-52DA-440C-A52D-DA4304694DB8}.Release|Any CPU.Build.0 = Release|Any CPU
		{D2C24323-A165-4C85-800F-C88257667EEA}.Debug|Any CPU.ActiveCfg = Debug|Any CPU
		{D2C24323-A165-4C85-800F-C88257667EEA}.Debug|Any CPU.Build.0 = Debug|Any CPU
		{D2C24323-A165-4C85-800F-C88257667EEA}.Release|Any CPU.ActiveCfg = Release|Any CPU
		{D2C24323-A165-4C85-800F-C88257667EEA}.Release|Any CPU.Build.0 = Release|Any CPU
	EndGlobalSection
	GlobalSection(SolutionProperties) = preSolution
		HideSolutionNode = FALSE
	EndGlobalSection
	GlobalSection(NestedProjects) = preSolution
		{BD1F3229-AAAF-40B9-9FDF-C5F76C65BC05} = {1FDDC051-2BFC-4DA6-96F9-74B6B013B55D}
		{0203777B-5644-4338-97C0-7CF81868E125} = {3CC5B3C6-666F-4497-AC08-C7507239C022}
		{0727E371-52DA-440C-A52D-DA4304694DB8} = {E08AF930-C36A-4E8B-985A-7B049F01F29E}
		{D2C24323-A165-4C85-800F-C88257667EEA} = {E08AF930-C36A-4E8B-985A-7B049F01F29E}
		{38F08F7A-E241-4E38-A0A5-92EC64D4D0FC} = {C938B2B4-A6C7-41AD-856B-38635454EF3B}
		{0C29885B-8C7F-4B8E-A4CD-691AA2628873} = {C938B2B4-A6C7-41AD-856B-38635454EF3B}
		{CAC137A0-B284-46C3-ABE2-3D90C955953A} = {C938B2B4-A6C7-41AD-856B-38635454EF3B}
		{FC81BC42-AD74-43D2-A3B1-08B8D75CCAA2} = {FC54B704-4DD9-4B97-891C-2A3BBC4D4F62}
	EndGlobalSection
EndGlobal
